Microsoft Visual Studio Solution File, Format Version 12.00
# Visual Studio Version 17
VisualStudioVersion = 17.8.34330.188
MinimumVisualStudioVersion = 10.0.40219.1
Project("{FAE04EC0-301F-11D3-BF4B-00C04F79EFBC}") = "RoomServer", "src/RoomServer/RoomServer.csproj", "{A2E8F7F7-EDAA-4E87-A79B-D57A5632F644}"
EndProject
Project("{FAE04EC0-301F-11D3-BF4B-00C04F79EFBC}") = "RoomServer.Tests", "tests/RoomServer.Tests/RoomServer.Tests.csproj", "{1C0F6C13-5D24-4F4A-87F0-9559D85D10F5}"
EndProject
Global
  GlobalSection(SolutionConfigurationPlatforms) = preSolution
    Debug|Any CPU = Debug|Any CPU
    Release|Any CPU = Release|Any CPU
  EndGlobalSection
  GlobalSection(ProjectConfigurationPlatforms) = postSolution
    {A2E8F7F7-EDAA-4E87-A79B-D57A5632F644}.Debug|Any CPU.ActiveCfg = Debug|Any CPU
    {A2E8F7F7-EDAA-4E87-A79B-D57A5632F644}.Debug|Any CPU.Build.0 = Debug|Any CPU
    {A2E8F7F7-EDAA-4E87-A79B-D57A5632F644}.Release|Any CPU.ActiveCfg = Release|Any CPU
    {A2E8F7F7-EDAA-4E87-A79B-D57A5632F644}.Release|Any CPU.Build.0 = Release|Any CPU
    {1C0F6C13-5D24-4F4A-87F0-9559D85D10F5}.Debug|Any CPU.ActiveCfg = Debug|Any CPU
    {1C0F6C13-5D24-4F4A-87F0-9559D85D10F5}.Debug|Any CPU.Build.0 = Debug|Any CPU
    {1C0F6C13-5D24-4F4A-87F0-9559D85D10F5}.Release|Any CPU.ActiveCfg = Release|Any CPU
    {1C0F6C13-5D24-4F4A-87F0-9559D85D10F5}.Release|Any CPU.Build.0 = Release|Any CPU
  EndGlobalSection
  GlobalSection(SolutionProperties) = preSolution
    HideSolutionNode = FALSE
  EndGlobalSection
EndGlobal
